// !$*UTF8*$!
{
	archiveVersion = 1;
	classes = {
	};
	objectVersion = 46;
	objects = {

/* Begin PBXBuildFile section */
		55E4AD461D597300009B1EB6 /* main.m in Sources */ = {isa = PBXBuildFile; fileRef = 55E4AD451D597300009B1EB6 /* main.m */; };
		55E4AD491D597300009B1EB6 /* AppDelegate.m in Sources */ = {isa = PBXBuildFile; fileRef = 55E4AD481D597300009B1EB6 /* AppDelegate.m */; };
		55E4AD4C1D597300009B1EB6 /* ViewController.m in Sources */ = {isa = PBXBuildFile; fileRef = 55E4AD4B1D597300009B1EB6 /* ViewController.m */; };
		55E4AD4F1D597300009B1EB6 /* Main.storyboard in Resources */ = {isa = PBXBuildFile; fileRef = 55E4AD4D1D597300009B1EB6 /* Main.storyboard */; };
		55E4AD511D597300009B1EB6 /* Assets.xcassets in Resources */ = {isa = PBXBuildFile; fileRef = 55E4AD501D597300009B1EB6 /* Assets.xcassets */; };
		55E4AD541D597300009B1EB6 /* LaunchScreen.storyboard in Resources */ = {isa = PBXBuildFile; fileRef = 55E4AD521D597300009B1EB6 /* LaunchScreen.storyboard */; };
		55E4AD5F1D597300009B1EB6 /* YJYYFoldHeaderViewTests.m in Sources */ = {isa = PBXBuildFile; fileRef = 55E4AD5E1D597300009B1EB6 /* YJYYFoldHeaderViewTests.m */; };
		55E4AD6A1D597300009B1EB6 /* YJYYFoldHeaderViewUITests.m in Sources */ = {isa = PBXBuildFile; fileRef = 55E4AD691D597300009B1EB6 /* YJYYFoldHeaderViewUITests.m */; };
		55E4AD781D5973F4009B1EB6 /* 2.jpg in Resources */ = {isa = PBXBuildFile; fileRef = 55E4AD771D5973F4009B1EB6 /* 2.jpg */; };
/* End PBXBuildFile section */

/* Begin PBXContainerItemProxy section */
		55E4AD5B1D597300009B1EB6 /* PBXContainerItemProxy */ = {
			isa = PBXContainerItemProxy;
			containerPortal = 55E4AD391D597300009B1EB6 /* Project object */;
			proxyType = 1;
			remoteGlobalIDString = 55E4AD401D597300009B1EB6;
			remoteInfo = YJYYFoldHeaderView;
		};
		55E4AD661D597300009B1EB6 /* PBXContainerItemProxy */ = {
			isa = PBXContainerItemProxy;
			containerPortal = 55E4AD391D597300009B1EB6 /* Project object */;
			proxyType = 1;
			remoteGlobalIDString = 55E4AD401D597300009B1EB6;
			remoteInfo = YJYYFoldHeaderView;
		};
/* End PBXContainerItemProxy section */

/* Begin PBXFileReference section */
		55E4AD411D597300009B1EB6 /* YJYYFoldHeaderView.app */ = {isa = PBXFileReference; explicitFileType = wrapper.application; includeInIndex = 0; path = YJYYFoldHeaderView.app; sourceTree = BUILT_PRODUCTS_DIR; };
		55E4AD451D597300009B1EB6 /* main.m */ = {isa = PBXFileReference; lastKnownFileType = sourcecode.c.objc; path = main.m; sourceTree = "<group>"; };
		55E4AD471D597300009B1EB6 /* AppDelegate.h */ = {isa = PBXFileReference; lastKnownFileType = sourcecode.c.h; path = AppDelegate.h; sourceTree = "<group>"; };
		55E4AD481D597300009B1EB6 /* AppDelegate.m */ = {isa = PBXFileReference; lastKnownFileType = sourcecode.c.objc; path = AppDelegate.m; sourceTree = "<group>"; };
		55E4AD4A1D597300009B1EB6 /* ViewController.h */ = {isa = PBXFileReference; lastKnownFileType = sourcecode.c.h; path = ViewController.h; sourceTree = "<group>"; };
		55E4AD4B1D597300009B1EB6 /* ViewController.m */ = {isa = PBXFileReference; lastKnownFileType = sourcecode.c.objc; path = ViewController.m; sourceTree = "<group>"; };
		55E4AD4E1D597300009B1EB6 /* Base */ = {isa = PBXFileReference; lastKnownFileType = file.storyboard; name = Base; path = Base.lproj/Main.storyboard; sourceTree = "<group>"; };
		55E4AD501D597300009B1EB6 /* Assets.xcassets */ = {isa = PBXFileReference; lastKnownFileType = folder.assetcatalog; path = Assets.xcassets; sourceTree = "<group>"; };
		55E4AD531D597300009B1EB6 /* Base */ = {isa = PBXFileReference; lastKnownFileType = file.storyboard; name = Base; path = Base.lproj/LaunchScreen.storyboard; sourceTree = "<group>"; };
		55E4AD551D597300009B1EB6 /* Info.plist */ = {isa = PBXFileReference; lastKnownFileType = text.plist.xml; path = Info.plist; sourceTree = "<group>"; };
		55E4AD5A1D597300009B1EB6 /* YJYYFoldHeaderViewTests.xctest */ = {isa = PBXFileReference; explicitFileType = wrapper.cfbundle; includeInIndex = 0; path = YJYYFoldHeaderViewTests.xctest; sourceTree = BUILT_PRODUCTS_DIR; };
		55E4AD5E1D597300009B1EB6 /* YJYYFoldHeaderViewTests.m */ = {isa = PBXFileReference; lastKnownFileType = sourcecode.c.objc; path = YJYYFoldHeaderViewTests.m; sourceTree = "<group>"; };
		55E4AD601D597300009B1EB6 /* Info.plist */ = {isa = PBXFileReference; lastKnownFileType = text.plist.xml; path = Info.plist; sourceTree = "<group>"; };
		55E4AD651D597300009B1EB6 /* YJYYFoldHeaderViewUITests.xctest */ = {isa = PBXFileReference; explicitFileType = wrapper.cfbundle; includeInIndex = 0; path = YJYYFoldHeaderViewUITests.xctest; sourceTree = BUILT_PRODUCTS_DIR; };
		55E4AD691D597300009B1EB6 /* YJYYFoldHeaderViewUITests.m */ = {isa = PBXFileReference; lastKnownFileType = sourcecode.c.objc; path = YJYYFoldHeaderViewUITests.m; sourceTree = "<group>"; };
		55E4AD6B1D597300009B1EB6 /* Info.plist */ = {isa = PBXFileReference; lastKnownFileType = text.plist.xml; path = Info.plist; sourceTree = "<group>"; };
		55E4AD771D5973F4009B1EB6 /* 2.jpg */ = {isa = PBXFileReference; lastKnownFileType = image.jpeg; path = 2.jpg; sourceTree = "<group>"; };
/* End PBXFileReference section */

/* Begin PBXFrameworksBuildPhase section */
		55E4AD3E1D597300009B1EB6 /* Frameworks */ = {
			isa = PBXFrameworksBuildPhase;
			buildActionMask = 2147483647;
			files = (
			);
			runOnlyForDeploymentPostprocessing = 0;
		};
		55E4AD571D597300009B1EB6 /* Frameworks */ = {
			isa = PBXFrameworksBuildPhase;
			buildActionMask = 2147483647;
			files = (
			);
			runOnlyForDeploymentPostprocessing = 0;
		};
		55E4AD621D597300009B1EB6 /* Frameworks */ = {
			isa = PBXFrameworksBuildPhase;
			buildActionMask = 2147483647;
			files = (
			);
			runOnlyForDeploymentPostprocessing = 0;
		};
/* End PBXFrameworksBuildPhase section */

/* Begin PBXGroup section */
		55E4AD381D597300009B1EB6 = {
			isa = PBXGroup;
			children = (
				55E4AD431D597300009B1EB6 /* YJYYFoldHeaderView */,
				55E4AD5D1D597300009B1EB6 /* YJYYFoldHeaderViewTests */,
				55E4AD681D597300009B1EB6 /* YJYYFoldHeaderViewUITests */,
				55E4AD421D597300009B1EB6 /* Products */,
			);
			sourceTree = "<group>";
		};
		55E4AD421D597300009B1EB6 /* Products */ = {
			isa = PBXGroup;
			children = (
				55E4AD411D597300009B1EB6 /* YJYYFoldHeaderView.app */,
				55E4AD5A1D597300009B1EB6 /* YJYYFoldHeaderViewTests.xctest */,
				55E4AD651D597300009B1EB6 /* YJYYFoldHeaderViewUITests.xctest */,
			);
			name = Products;
			sourceTree = "<group>";
		};
		55E4AD431D597300009B1EB6 /* YJYYFoldHeaderView */ = {
			isa = PBXGroup;
			children = (
				55E4AD471D597300009B1EB6 /* AppDelegate.h */,
				55E4AD481D597300009B1EB6 /* AppDelegate.m */,
				55E4AD4A1D597300009B1EB6 /* ViewController.h */,
				55E4AD4B1D597300009B1EB6 /* ViewController.m */,
				55E4AD4D1D597300009B1EB6 /* Main.storyboard */,
				55E4AD501D597300009B1EB6 /* Assets.xcassets */,
				55E4AD521D597300009B1EB6 /* LaunchScreen.storyboard */,
				55E4AD551D597300009B1EB6 /* Info.plist */,
				55E4AD441D597300009B1EB6 /* Supporting Files */,
			);
			path = YJYYFoldHeaderView;
			sourceTree = "<group>";
		};
		55E4AD441D597300009B1EB6 /* Supporting Files */ = {
			isa = PBXGroup;
			children = (
				55E4AD771D5973F4009B1EB6 /* 2.jpg */,
				55E4AD451D597300009B1EB6 /* main.m */,
			);
			name = "Supporting Files";
			sourceTree = "<group>";
		};
		55E4AD5D1D597300009B1EB6 /* YJYYFoldHeaderViewTests */ = {
			isa = PBXGroup;
			children = (
				55E4AD5E1D597300009B1EB6 /* YJYYFoldHeaderViewTests.m */,
				55E4AD601D597300009B1EB6 /* Info.plist */,
			);
			path = YJYYFoldHeaderViewTests;
			sourceTree = "<group>";
		};
		55E4AD681D597300009B1EB6 /* YJYYFoldHeaderViewUITests */ = {
			isa = PBXGroup;
			children = (
				55E4AD691D597300009B1EB6 /* YJYYFoldHeaderViewUITests.m */,
				55E4AD6B1D597300009B1EB6 /* Info.plist */,
			);
			path = YJYYFoldHeaderViewUITests;
			sourceTree = "<group>";
		};
/* End PBXGroup section */

/* Begin PBXNativeTarget section */
		55E4AD401D597300009B1EB6 /* YJYYFoldHeaderView */ = {
			isa = PBXNativeTarget;
			buildConfigurationList = 55E4AD6E1D597300009B1EB6 /* Build configuration list for PBXNativeTarget "YJYYFoldHeaderView" */;
			buildPhases = (
				55E4AD3D1D597300009B1EB6 /* Sources */,
				55E4AD3E1D597300009B1EB6 /* Frameworks */,
				55E4AD3F1D597300009B1EB6 /* Resources */,
			);
			buildRules = (
			);
			dependencies = (
			);
			name = YJYYFoldHeaderView;
			productName = YJYYFoldHeaderView;
			productReference = 55E4AD411D597300009B1EB6 /* YJYYFoldHeaderView.app */;
			productType = "com.apple.product-type.application";
		};
		55E4AD591D597300009B1EB6 /* YJYYFoldHeaderViewTests */ = {
			isa = PBXNativeTarget;
			buildConfigurationList = 55E4AD711D597300009B1EB6 /* Build configuration list for PBXNativeTarget "YJYYFoldHeaderViewTests" */;
			buildPhases = (
				55E4AD561D597300009B1EB6 /* Sources */,
				55E4AD571D597300009B1EB6 /* Frameworks */,
				55E4AD581D597300009B1EB6 /* Resources */,
			);
			buildRules = (
			);
			dependencies = (
				55E4AD5C1D597300009B1EB6 /* PBXTargetDependency */,
			);
			name = YJYYFoldHeaderViewTests;
			productName = YJYYFoldHeaderViewTests;
			productReference = 55E4AD5A1D597300009B1EB6 /* YJYYFoldHeaderViewTests.xctest */;
			productType = "com.apple.product-type.bundle.unit-test";
		};
		55E4AD641D597300009B1EB6 /* YJYYFoldHeaderViewUITests */ = {
			isa = PBXNativeTarget;
			buildConfigurationList = 55E4AD741D597300009B1EB6 /* Build configuration list for PBXNativeTarget "YJYYFoldHeaderViewUITests" */;
			buildPhases = (
				55E4AD611D597300009B1EB6 /* Sources */,
				55E4AD621D597300009B1EB6 /* Frameworks */,
				55E4AD631D597300009B1EB6 /* Resources */,
			);
			buildRules = (
			);
			dependencies = (
				55E4AD671D597300009B1EB6 /* PBXTargetDependency */,
			);
			name = YJYYFoldHeaderViewUITests;
			productName = YJYYFoldHeaderViewUITests;
			productReference = 55E4AD651D597300009B1EB6 /* YJYYFoldHeaderViewUITests.xctest */;
			productType = "com.apple.product-type.bundle.ui-testing";
		};
/* End PBXNativeTarget section */

/* Begin PBXProject section */
		55E4AD391D597300009B1EB6 /* Project object */ = {
			isa = PBXProject;
			attributes = {
				LastUpgradeCheck = 0720;
				ORGANIZATIONNAME = "遇见远洋";
				TargetAttributes = {
					55E4AD401D597300009B1EB6 = {
						CreatedOnToolsVersion = 7.2.1;
					};
					55E4AD591D597300009B1EB6 = {
						CreatedOnToolsVersion = 7.2.1;
						TestTargetID = 55E4AD401D597300009B1EB6;
					};
					55E4AD641D597300009B1EB6 = {
						CreatedOnToolsVersion = 7.2.1;
						TestTargetID = 55E4AD401D597300009B1EB6;
					};
				};
			};
			buildConfigurationList = 55E4AD3C1D597300009B1EB6 /* Build configuration list for PBXProject "YJYYFoldHeaderView" */;
			compatibilityVersion = "Xcode 3.2";
			developmentRegion = English;
			hasScannedForEncodings = 0;
			knownRegions = (
				en,
				Base,
			);
			mainGroup = 55E4AD381D597300009B1EB6;
			productRefGroup = 55E4AD421D597300009B1EB6 /* Products */;
			projectDirPath = "";
			projectRoot = "";
			targets = (
				55E4AD401D597300009B1EB6 /* YJYYFoldHeaderView */,
				55E4AD591D597300009B1EB6 /* YJYYFoldHeaderViewTests */,
				55E4AD641D597300009B1EB6 /* YJYYFoldHeaderViewUITests */,
			);
		};
/* End PBXProject section */

/* Begin PBXResourcesBuildPhase section */
		55E4AD3F1D597300009B1EB6 /* Resources */ = {
			isa = PBXResourcesBuildPhase;
			buildActionMask = 2147483647;
			files = (
				55E4AD541D597300009B1EB6 /* LaunchScreen.storyboard in Resources */,
				55E4AD511D597300009B1EB6 /* Assets.xcassets in Resources */,
				55E4AD781D5973F4009B1EB6 /* 2.jpg in Resources */,
				55E4AD4F1D597300009B1EB6 /* Main.storyboard in Resources */,
			);
			runOnlyForDeploymentPostprocessing = 0;
		};
		55E4AD581D597300009B1EB6 /* Resources */ = {
			isa = PBXResourcesBuildPhase;
			buildActionMask = 2147483647;
			files = (
			);
			runOnlyForDeploymentPostprocessing = 0;
		};
		55E4AD631D597300009B1EB6 /* Resources */ = {
			isa = PBXResourcesBuildPhase;
			buildActionMask = 2147483647;
			files = (
			);
			runOnlyForDeploymentPostprocessing = 0;
		};
/* End PBXResourcesBuildPhase section */

/* Begin PBXSourcesBuildPhase section */
		55E4AD3D1D597300009B1EB6 /* Sources */ = {
			isa = PBXSourcesBuildPhase;
			buildActionMask = 2147483647;
			files = (
				55E4AD4C1D597300009B1EB6 /* ViewController.m in Sources */,
				55E4AD491D597300009B1EB6 /* AppDelegate.m in Sources */,
				55E4AD461D597300009B1EB6 /* main.m in Sources */,
			);
			runOnlyForDeploymentPostprocessing = 0;
		};
		55E4AD561D597300009B1EB6 /* Sources */ = {
			isa = PBXSourcesBuildPhase;
			buildActionMask = 2147483647;
			files = (
				55E4AD5F1D597300009B1EB6 /* YJYYFoldHeaderViewTests.m in Sources */,
			);
			runOnlyForDeploymentPostprocessing = 0;
		};
		55E4AD611D597300009B1EB6 /* Sources */ = {
			isa = PBXSourcesBuildPhase;
			buildActionMask = 2147483647;
			files = (
				55E4AD6A1D597300009B1EB6 /* YJYYFoldHeaderViewUITests.m in Sources */,
			);
			runOnlyForDeploymentPostprocessing = 0;
		};
/* End PBXSourcesBuildPhase section */

/* Begin PBXTargetDependency section */
		55E4AD5C1D597300009B1EB6 /* PBXTargetDependency */ = {
			isa = PBXTargetDependency;
			target = 55E4AD401D597300009B1EB6 /* YJYYFoldHeaderView */;
			targetProxy = 55E4AD5B1D597300009B1EB6 /* PBXContainerItemProxy */;
		};
		55E4AD671D597300009B1EB6 /* PBXTargetDependency */ = {
			isa = PBXTargetDependency;
			target = 55E4AD401D597300009B1EB6 /* YJYYFoldHeaderView */;
			targetProxy = 55E4AD661D597300009B1EB6 /* PBXContainerItemProxy */;
		};
/* End PBXTargetDependency section */

/* Begin PBXVariantGroup section */
		55E4AD4D1D597300009B1EB6 /* Main.storyboard */ = {
			isa = PBXVariantGroup;
			children = (
				55E4AD4E1D597300009B1EB6 /* Base */,
			);
			name = Main.storyboard;
			sourceTree = "<group>";
		};
		55E4AD521D597300009B1EB6 /* LaunchScreen.storyboard */ = {
			isa = PBXVariantGroup;
			children = (
				55E4AD531D597300009B1EB6 /* Base */,
			);
			name = LaunchScreen.storyboard;
			sourceTree = "<group>";
		};
/* End PBXVariantGroup section */

/* Begin XCBuildConfiguration section */
		55E4AD6C1D597300009B1EB6 /* Debug */ = {
			isa = XCBuildConfiguration;
			buildSettings = {
				ALWAYS_SEARCH_USER_PATHS = NO;
				CLANG_CXX_LANGUAGE_STANDARD = "gnu++0x";
				CLANG_CXX_LIBRARY = "libc++";
				CLANG_ENABLE_MODULES = YES;
				CLANG_ENABLE_OBJC_ARC = YES;
				CLANG_WARN_BOOL_CONVERSION = YES;
				CLANG_WARN_CONSTANT_CONVERSION = YES;
				CLANG_WARN_DIRECT_OBJC_ISA_USAGE = YES_ERROR;
				CLANG_WARN_EMPTY_BODY = YES;
				CLANG_WARN_ENUM_CONVERSION = YES;
				CLANG_WARN_INT_CONVERSION = YES;
				CLANG_WARN_OBJC_ROOT_CLASS = YES_ERROR;
				CLANG_WARN_UNREACHABLE_CODE = YES;
				CLANG_WARN__DUPLICATE_METHOD_MATCH = YES;
				"CODE_SIGN_IDENTITY[sdk=iphoneos*]" = "iPhone Developer";
				COPY_PHASE_STRIP = NO;
				DEBUG_INFORMATION_FORMAT = dwarf;
				ENABLE_STRICT_OBJC_MSGSEND = YES;
				ENABLE_TESTABILITY = YES;
				GCC_C_LANGUAGE_STANDARD = gnu99;
				GCC_DYNAMIC_NO_PIC = NO;
				GCC_NO_COMMON_BLOCKS = YES;
				GCC_OPTIMIZATION_LEVEL = 0;
				GCC_PREPROCESSOR_DEFINITIONS = (
					"DEBUG=1",
					"$(inherited)",
				);
				GCC_WARN_64_TO_32_BIT_CONVERSION = YES;
				GCC_WARN_ABOUT_RETURN_TYPE = YES_ERROR;
				GCC_WARN_UNDECLARED_SELECTOR = YES;
				GCC_WARN_UNINITIALIZED_AUTOS = YES_AGGRESSIVE;
				GCC_WARN_UNUSED_FUNCTION = YES;
				GCC_WARN_UNUSED_VARIABLE = YES;
				IPHONEOS_DEPLOYMENT_TARGET = 9.2;
				MTL_ENABLE_DEBUG_INFO = YES;
				ONLY_ACTIVE_ARCH = YES;
				SDKROOT = iphoneos;
				TARGETED_DEVICE_FAMILY = "1,2";
			};
			name = Debug;
		};
		55E4AD6D1D597300009B1EB6 /* Release */ = {
			isa = XCBuildConfiguration;
			buildSettings = {
				ALWAYS_SEARCH_USER_PATHS = NO;
				CLANG_CXX_LANGUAGE_STANDARD = "gnu++0x";
				CLANG_CXX_LIBRARY = "libc++";
				CLANG_ENABLE_MODULES = YES;
				CLANG_ENABLE_OBJC_ARC = YES;
				CLANG_WARN_BOOL_CONVERSION = YES;
				CLANG_WARN_CONSTANT_CONVERSION = YES;
				CLANG_WARN_DIRECT_OBJC_ISA_USAGE = YES_ERROR;
				CLANG_WARN_EMPTY_BODY = YES;
				CLANG_WARN_ENUM_CONVERSION = YES;
				CLANG_WARN_INT_CONVERSION = YES;
				CLANG_WARN_OBJC_ROOT_CLASS = YES_ERROR;
				CLANG_WARN_UNREACHABLE_CODE = YES;
				CLANG_WARN__DUPLICATE_METHOD_MATCH = YES;
				"CODE_SIGN_IDENTITY[sdk=iphoneos*]" = "iPhone Developer";
				COPY_PHASE_STRIP = NO;
				DEBUG_INFORMATION_FORMAT = "dwarf-with-dsym";
				ENABLE_NS_ASSERTIONS = NO;
				ENABLE_STRICT_OBJC_MSGSEND = YES;
				GCC_C_LANGUAGE_STANDARD = gnu99;
				GCC_NO_COMMON_BLOCKS = YES;
				GCC_WARN_64_TO_32_BIT_CONVERSION = YES;
				GCC_WARN_ABOUT_RETURN_TYPE = YES_ERROR;
				GCC_WARN_UNDECLARED_SELECTOR = YES;
				GCC_WARN_UNINITIALIZED_AUTOS = YES_AGGRESSIVE;
				GCC_WARN_UNUSED_FUNCTION = YES;
				GCC_WARN_UNUSED_VARIABLE = YES;
				IPHONEOS_DEPLOYMENT_TARGET = 9.2;
				MTL_ENABLE_DEBUG_INFO = NO;
				SDKROOT = iphoneos;
				TARGETED_DEVICE_FAMILY = "1,2";
				VALIDATE_PRODUCT = YES;
			};
			name = Release;
		};
		55E4AD6F1D597300009B1EB6 /* Debug */ = {
			isa = XCBuildConfiguration;
			buildSettings = {
				ASSETCATALOG_COMPILER_APPICON_NAME = AppIcon;
				INFOPLIST_FILE = YJYYFoldHeaderView/Info.plist;
				LD_RUNPATH_SEARCH_PATHS = "$(inherited) @executable_path/Frameworks";
				PRODUCT_BUNDLE_IDENTIFIER = chemucao.cn.YJYYFoldHeaderView;
				PRODUCT_NAME = "$(TARGET_NAME)";
			};
			name = Debug;
		};
		55E4AD701D597300009B1EB6 /* Release */ = {
			isa = XCBuildConfiguration;
			buildSettings = {
				ASSETCATALOG_COMPILER_APPICON_NAME = AppIcon;
				INFOPLIST_FILE = YJYYFoldHeaderView/Info.plist;
				LD_RUNPATH_SEARCH_PATHS = "$(inherited) @executable_path/Frameworks";
				PRODUCT_BUNDLE_IDENTIFIER = chemucao.cn.YJYYFoldHeaderView;
				PRODUCT_NAME = "$(TARGET_NAME)";
			};
			name = Release;
		};
		55E4AD721D597300009B1EB6 /* Debug */ = {
			isa = XCBuildConfiguration;
			buildSettings = {
				BUNDLE_LOADER = "$(TEST_HOST)";
				INFOPLIST_FILE = YJYYFoldHeaderViewTests/Info.plist;
				LD_RUNPATH_SEARCH_PATHS = "$(inherited) @executable_path/Frameworks @loader_path/Frameworks";
				PRODUCT_BUNDLE_IDENTIFIER = chemucao.cn.YJYYFoldHeaderViewTests;
				PRODUCT_NAME = "$(TARGET_NAME)";
				TEST_HOST = "$(BUILT_PRODUCTS_DIR)/YJYYFoldHeaderView.app/YJYYFoldHeaderView";
			};
			name = Debug;
		};
		55E4AD731D597300009B1EB6 /* Release */ = {
			isa = XCBuildConfiguration;
			buildSettings = {
				BUNDLE_LOADER = "$(TEST_HOST)";
				INFOPLIST_FILE = YJYYFoldHeaderViewTests/Info.plist;
				LD_RUNPATH_SEARCH_PATHS = "$(inherited) @executable_path/Frameworks @loader_path/Frameworks";
				PRODUCT_BUNDLE_IDENTIFIER = chemucao.cn.YJYYFoldHeaderViewTests;
				PRODUCT_NAME = "$(TARGET_NAME)";
				TEST_HOST = "$(BUILT_PRODUCTS_DIR)/YJYYFoldHeaderView.app/YJYYFoldHeaderView";
			};
			name = Release;
		};
		55E4AD751D597300009B1EB6 /* Debug */ = {
			isa = XCBuildConfiguration;
			buildSettings = {
				INFOPLIST_FILE = YJYYFoldHeaderViewUITests/Info.plist;
				LD_RUNPATH_SEARCH_PATHS = "$(inherited) @executable_path/Frameworks @loader_path/Frameworks";
				PRODUCT_BUNDLE_IDENTIFIER = chemucao.cn.YJYYFoldHeaderViewUITests;
				PRODUCT_NAME = "$(TARGET_NAME)";
				TEST_TARGET_NAME = YJYYFoldHeaderView;
				USES_XCTRUNNER = YES;
			};
			name = Debug;
		};
		55E4AD761D597300009B1EB6 /* Release */ = {
			isa = XCBuildConfiguration;
			buildSettings = {
				INFOPLIST_FILE = YJYYFoldHeaderViewUITests/Info.plist;
				LD_RUNPATH_SEARCH_PATHS = "$(inherited) @executable_path/Frameworks @loader_path/Frameworks";
				PRODUCT_BUNDLE_IDENTIFIER = chemucao.cn.YJYYFoldHeaderViewUITests;
				PRODUCT_NAME = "$(TARGET_NAME)";
				TEST_TARGET_NAME = YJYYFoldHeaderView;
				USES_XCTRUNNER = YES;
			};
			name = Release;
		};
/* End XCBuildConfiguration section */

/* Begin XCConfigurationList section */
		55E4AD3C1D597300009B1EB6 /* Build configuration list for PBXProject "YJYYFoldHeaderView" */ = {
			isa = XCConfigurationList;
			buildConfigurations = (
				55E4AD6C1D597300009B1EB6 /* Debug */,
				55E4AD6D1D597300009B1EB6 /* Release */,
			);
			defaultConfigurationIsVisible = 0;
			defaultConfigurationName = Release;
		};
		55E4AD6E1D597300009B1EB6 /* Build configuration list for PBXNativeTarget "YJYYFoldHeaderView" */ = {
			isa = XCConfigurationList;
			buildConfigurations = (
				55E4AD6F1D597300009B1EB6 /* Debug */,
				55E4AD701D597300009B1EB6 /* Release */,
			);
			defaultConfigurationIsVisible = 0;
		};
		55E4AD711D597300009B1EB6 /* Build configuration list for PBXNativeTarget "YJYYFoldHeaderViewTests" */ = {
			isa = XCConfigurationList;
			buildConfigurations = (
				55E4AD721D597300009B1EB6 /* Debug */,
				55E4AD731D597300009B1EB6 /* Release */,
			);
			defaultConfigurationIsVisible = 0;
		};
		55E4AD741D597300009B1EB6 /* Build configuration list for PBXNativeTarget "YJYYFoldHeaderViewUITests" */ = {
			isa = XCConfigurationList;
			buildConfigurations = (
				55E4AD751D597300009B1EB6 /* Debug */,
				55E4AD761D597300009B1EB6 /* Release */,
			);
			defaultConfigurationIsVisible = 0;
		};
/* End XCConfigurationList section */
	};
	rootObject = 55E4AD391D597300009B1EB6 /* Project object */;
}
